
Microsoft Visual Studio Solution File, Format Version 12.00
# Visual Studio Version 17
VisualStudioVersion = 17.11.35327.3
MinimumVisualStudioVersion = 10.0.40219.1
Project("{FAE04EC0-301F-11D3-BF4B-00C04F79EFBC}") = "EmployeeManagementSystem", "EmployeeManagementSystem\EmployeeManagementSystem.csproj", "{43BE63F9-4A8C-48BC-9BB4-CB5B0B698ED0}"
EndProject
Global
	GlobalSection(SolutionConfigurationPlatforms) = preSolution
		Debug|Any CPU = Debug|Any CPU
		Release|Any CPU = Release|Any CPU
	EndGlobalSection
	GlobalSection(ProjectConfigurationPlatforms) = postSolution
		{43BE63F9-4A8C-48BC-9BB4-CB5B0B698ED0}.Debug|Any CPU.ActiveCfg = Debug|Any CPU
		{43BE63F9-4A8C-48BC-9BB4-CB5B0B698ED0}.Debug|Any CPU.Build.0 = Debug|Any CPU
		{43BE63F9-4A8C-48BC-9BB4-CB5B0B698ED0}.Release|Any CPU.ActiveCfg = Release|Any CPU
		{43BE63F9-4A8C-48BC-9BB4-CB5B0B698ED0}.Release|Any CPU.Build.0 = Release|Any CPU
	EndGlobalSection
	GlobalSection(SolutionProperties) = preSolution
		HideSolutionNode = FALSE
	EndGlobalSection
	GlobalSection(ExtensibilityGlobals) = postSolution
		SolutionGuid = {3E253BFA-93B5-47DF-B99B-95E003B6BF9E}
	EndGlobalSection
EndGlobal
